{
  "nodes": {
    "asciinema-automation": {
      "inputs": {
        "flake-utils": [
          "flake-utils"
        ],
        "nixpkgs": [
          "nixpkgs"
        ],
        "systems": [
          "systems"
        ]
      },
      "locked": {
        "lastModified": 1712042312,
        "narHash": "sha256-1qpWprz04Zmn29ambQuw9dgzxxgX044YOec0Q5JIVxM=",
        "owner": "Nate-Wilkins",
        "repo": "asciinema-automation",
        "rev": "edcd2877306a3db873d9192b9dbb5117ebc7dc0c",
        "type": "github"
      },
      "original": {
        "owner": "Nate-Wilkins",
        "ref": "1.0.1",
        "repo": "asciinema-automation",
        "type": "github"
      }
    },
    "fenix": {
      "inputs": {
        "nixpkgs": [
          "nixpkgs"
        ],
        "rust-analyzer-src": "rust-analyzer-src"
      },
      "locked": {
        "lastModified": 1768459889,
        "narHash": "sha256-etlJ0Ga/GcvoJJJin+OrtrAlnbmlTc8zATa2QviGojw=",
        "owner": "nix-community",
        "repo": "fenix",
        "rev": "63cba4b8b05c90d158730f6ab1a77bd255c922a1",
        "type": "github"
      },
      "original": {
        "owner": "nix-community",
        "repo": "fenix",
        "type": "github"
      }
    },
    "flake-utils": {
      "inputs": {
        "systems": [
          "systems"
        ]
      },
      "locked": {
        "lastModified": 1731533236,
        "narHash": "sha256-l0KFg5HjrsfsO/JpG+r7fRrqm12kzFHyUHqHCVpMMbI=",
        "owner": "numtide",
        "repo": "flake-utils",
        "rev": "11707dc2f618dd54ca8739b309ec4fc024de578b",
        "type": "github"
      },
      "original": {
        "owner": "numtide",
        "repo": "flake-utils",
        "type": "github"
      }
    },
    "gitignore": {
      "inputs": {
        "nixpkgs": [
          "nixpkgs"
        ]
      },
      "locked": {
        "lastModified": 1762808025,
        "narHash": "sha256-XmjITeZNMTQXGhhww6ed/Wacy2KzD6svioyCX7pkUu4=",
        "owner": "hercules-ci",
        "repo": "gitignore.nix",
        "rev": "cb5e3fdca1de58ccbc3ef53de65bd372b48f567c",
        "type": "github"
      },
      "original": {
        "owner": "hercules-ci",
        "repo": "gitignore.nix",
        "type": "github"
      }
    },
    "jikyuu": {
      "inputs": {
        "fenix": [
          "fenix"
        ],
        "flake-utils": [
          "flake-utils"
        ],
        "nixpkgs": [
          "nixpkgs"
        ],
        "systems": [
          "systems"
        ]
      },
      "locked": {
        "lastModified": 1712042482,
        "narHash": "sha256-hiydnAm6cSsHijDDif9gnd6UZY9jRIosNXjNELjf3e0=",
        "owner": "Nate-Wilkins",
        "repo": "jikyuu",
        "rev": "e5e0d41fc5bbefe85312f2e5692da56e6474fd1c",
        "type": "github"
      },
      "original": {
        "owner": "Nate-Wilkins",
        "ref": "1.0.1",
        "repo": "jikyuu",
        "type": "github"
      }
    },
    "nixpkgs": {
      "locked": {
        "lastModified": 1701282334,
        "narHash": "sha256-MxCVrXY6v4QmfTwIysjjaX0XUhqBbxTWWB4HXtDYsdk=",
        "owner": "NixOS",
        "repo": "nixpkgs",
        "rev": "057f9aecfb71c4437d2b27d3323df7f93c010b7e",
        "type": "github"
      },
      "original": {
        "owner": "NixOS",
        "ref": "23.11",
        "repo": "nixpkgs",
        "type": "github"
      }
    },
    "root": {
      "inputs": {
        "asciinema-automation": "asciinema-automation",
        "fenix": "fenix",
        "flake-utils": "flake-utils",
        "gitignore": "gitignore",
        "jikyuu": "jikyuu",
        "nixpkgs": "nixpkgs",
        "systems": "systems",
        "task-documentation": "task-documentation",
        "task-runner": "task-runner"
      }
    },
    "rust-analyzer-src": {
      "flake": false,
      "locked": {
        "lastModified": 1768420693,
        "narHash": "sha256-QQN/CQLZH5uDuYTb0v7Bmgx0Jiih1WC1VGiGUrlhIGo=",
        "owner": "rust-lang",
        "repo": "rust-analyzer",
        "rev": "04efa1de142e22c8a717e1c7d95c1fbc37d16a84",
        "type": "github"
      },
      "original": {
        "owner": "rust-lang",
        "ref": "nightly",
        "repo": "rust-analyzer",
        "type": "github"
      }
    },
    "systems": {
      "flake": false,
      "locked": {
        "path": "flake.systems.nix",
        "type": "path"
      },
      "original": {
        "path": "flake.systems.nix",
        "type": "path"
      },
      "parent": []
    },
    "task-documentation": {
      "inputs": {
        "asciinema-automation": [
          "asciinema-automation"
        ],
        "fenix": [
          "fenix"
        ],
        "flake-utils": [
          "flake-utils"
        ],
        "gitignore": [
          "gitignore"
        ],
        "jikyuu": [
          "jikyuu"
        ],
        "nixpkgs": [
          "nixpkgs"
        ],
        "systems": [
          "systems"
        ]
      },
      "locked": {
        "lastModified": 1712048513,
        "narHash": "sha256-bzcvokxgyUVl8wQXYwMucEHaoQ3Ggn1v/H3Jg4jWN6Q=",
        "owner": "ox_os",
        "repo": "task-documentation",
        "rev": "6599a10dc3c7ab168e100c8b33b7252735a3b15d",
        "type": "gitlab"
      },
      "original": {
        "owner": "ox_os",
        "ref": "3.0.1",
        "repo": "task-documentation",
        "type": "gitlab"
      }
    },
    "task-runner": {
      "inputs": {
        "asciinema-automation": [
          "asciinema-automation"
        ],
        "fenix": [
          "fenix"
        ],
        "flake-utils": [
          "flake-utils"
        ],
        "gitignore": [
          "gitignore"
        ],
        "jikyuu": [
          "jikyuu"
        ],
        "nixpkgs": [
          "nixpkgs"
        ],
        "systems": [
          "systems"
        ],
        "task-documentation": [
          "task-documentation"
        ]
      },
      "locked": {
        "lastModified": 1712048872,
        "narHash": "sha256-AAUN8XddIra40z1/sL4FYN5002oTCcZO6piwTuCly4k=",
        "owner": "ox_os",
        "repo": "task-runner",
        "rev": "7c668f942bea8fcb2493a73c6df525f77ddf8501",
        "type": "gitlab"
      },
      "original": {
        "owner": "ox_os",
        "ref": "1.0.0",
        "repo": "task-runner",
        "type": "gitlab"
      }
    }
  },
  "root": "root",
  "version": 7
}
