{
  "nodes": {
    "asciinema-automation": {
      "inputs": {
        "fenix": [
          "fenix"
        ],
        "flake-utils": [
          "flake-utils"
        ],
        "jikyuu": [
          "jikyuu"
        ],
        "nixpkgs": [
          "nixpkgs"
        ],
        "rust-analyzer-src": [
          "rust-analyzer-src"
        ],
        "systems": [
          "systems"
        ]
      },
      "locked": {
        "lastModified": 1768702919,
        "narHash": "sha256-GJdwlW2w5ije+1ZUmBm5eywTMktD+TmuZvRRYVu/ngg=",
        "owner": "Nate-Wilkins",
        "repo": "asciinema-automation",
        "rev": "f8095a8a122d4641b95a60ac022833e782c8ea7c",
        "type": "github"
      },
      "original": {
        "owner": "Nate-Wilkins",
        "ref": "2.0.7",
        "repo": "asciinema-automation",
        "type": "github"
      }
    },
    "fenix": {
      "inputs": {
        "nixpkgs": [
          "nixpkgs"
        ],
        "rust-analyzer-src": [
          "rust-analyzer-src"
        ]
      },
      "locked": {
        "lastModified": 1768718851,
        "narHash": "sha256-4IHUR+T/jScTlmw2mu5upRiPzJlv+LO7XGbvosumb0A=",
        "owner": "nix-community",
        "repo": "fenix",
        "rev": "80677971c9d17967b7d14649161f6f426b68e769",
        "type": "github"
      },
      "original": {
        "owner": "nix-community",
        "repo": "fenix",
        "type": "github"
      }
    },
    "flake-utils": {
      "inputs": {
        "systems": [
          "systems"
        ]
      },
      "locked": {
        "lastModified": 1731533236,
        "narHash": "sha256-l0KFg5HjrsfsO/JpG+r7fRrqm12kzFHyUHqHCVpMMbI=",
        "owner": "numtide",
        "repo": "flake-utils",
        "rev": "11707dc2f618dd54ca8739b309ec4fc024de578b",
        "type": "github"
      },
      "original": {
        "owner": "numtide",
        "repo": "flake-utils",
        "type": "github"
      }
    },
    "jikyuu": {
      "inputs": {
        "asciinema-automation": [
          "asciinema-automation"
        ],
        "fenix": [
          "fenix"
        ],
        "flake-utils": [
          "flake-utils"
        ],
        "nixpkgs": [
          "nixpkgs"
        ],
        "rust-analyzer-src": [
          "rust-analyzer-src"
        ],
        "systems": [
          "systems"
        ]
      },
      "locked": {
        "lastModified": 1768702742,
        "narHash": "sha256-7/IJLuWAJ4Q7Jkz+mZoTEtmisXpIMr8+wb1jCnWE4lo=",
        "owner": "Nate-Wilkins",
        "repo": "jikyuu",
        "rev": "041ed1ddcb823785e374f7717a1524ba7900473f",
        "type": "github"
      },
      "original": {
        "owner": "Nate-Wilkins",
        "ref": "2.0.4",
        "repo": "jikyuu",
        "type": "github"
      }
    },
    "nixpkgs": {
      "locked": {
        "lastModified": 1768305791,
        "narHash": "sha256-AIdl6WAn9aymeaH/NvBj0H9qM+XuAuYbGMZaP0zcXAQ=",
        "owner": "Nate-Wilkins",
        "repo": "nixpkgs",
        "rev": "1412caf7bf9e660f2f962917c14b1ea1c3bc695e",
        "type": "github"
      },
      "original": {
        "owner": "Nate-Wilkins",
        "ref": "nixos-unstable",
        "repo": "nixpkgs",
        "type": "github"
      }
    },
    "root": {
      "inputs": {
        "asciinema-automation": "asciinema-automation",
        "fenix": "fenix",
        "flake-utils": "flake-utils",
        "jikyuu": "jikyuu",
        "nixpkgs": "nixpkgs",
        "rust-analyzer-src": "rust-analyzer-src",
        "systems": "systems",
        "task-documentation": "task-documentation",
        "task-runner": "task-runner"
      }
    },
    "rust-analyzer-src": {
      "flake": false,
      "locked": {
        "lastModified": 1768548564,
        "narHash": "sha256-0gId4r35AoLF7OFFn3nVJbkYoOEcVQRXTi6lXwTppSs=",
        "owner": "rust-lang",
        "repo": "rust-analyzer",
        "rev": "1cd5183e3136eccfa97a4559fd586381af75b77a",
        "type": "github"
      },
      "original": {
        "owner": "rust-lang",
        "ref": "nightly",
        "repo": "rust-analyzer",
        "type": "github"
      }
    },
    "systems": {
      "flake": false,
      "locked": {
        "path": "./flake.systems.nix",
        "type": "path"
      },
      "original": {
        "path": "./flake.systems.nix",
        "type": "path"
      },
      "parent": []
    },
    "task-documentation": {
      "inputs": {
        "asciinema-automation": [
          "asciinema-automation"
        ],
        "fenix": [
          "fenix"
        ],
        "flake-utils": [
          "flake-utils"
        ],
        "jikyuu": [],
        "nixpkgs": [
          "nixpkgs"
        ],
        "rust-analyzer-src": [
          "rust-analyzer-src"
        ],
        "systems": [
          "systems"
        ],
        "task-runner": [
          "task-runner"
        ]
      },
      "locked": {
        "lastModified": 1768748977,
        "narHash": "sha256-sSzL5KSVjpJrlVogVpvgSG1FxkDRNSXc9XFxYUTR5ZI=",
        "owner": "ox_os",
        "repo": "task-documentation",
        "rev": "09235abdb47ddaa7993aab2f254b2480a365039b",
        "type": "gitlab"
      },
      "original": {
        "owner": "ox_os",
        "ref": "5.0.2",
        "repo": "task-documentation",
        "type": "gitlab"
      }
    },
    "task-runner": {
      "inputs": {
        "asciinema-automation": [
          "asciinema-automation"
        ],
        "fenix": [
          "fenix"
        ],
        "flake-utils": [
          "flake-utils"
        ],
        "jikyuu": [
          "jikyuu"
        ],
        "nixpkgs": [
          "nixpkgs"
        ],
        "rust-analyzer-src": [
          "rust-analyzer-src"
        ],
        "systems": [
          "systems"
        ],
        "task-documentation": [
          "task-documentation"
        ]
      },
      "locked": {
        "lastModified": 1768748024,
        "narHash": "sha256-Jdb4X5UiD8ZuWHkvo3MW3eun/6av0DgI0omJQ8GoK8M=",
        "owner": "ox_os",
        "repo": "task-runner",
        "rev": "731ca2366f1e3d0fd91f1ba4c065b611ad9b6a9d",
        "type": "gitlab"
      },
      "original": {
        "owner": "ox_os",
        "ref": "4.0.1",
        "repo": "task-runner",
        "type": "gitlab"
      }
    }
  },
  "root": "root",
  "version": 7
}
